// !$*UTF8*$!
{
	archiveVersion = 1;
	classes = {
	};
	objectVersion = 77;
	objects = {

/* Begin PBXContainerItemProxy section */
		8933F0532D1AF0AD0025828A /* PBXContainerItemProxy */ = {
			isa = PBXContainerItemProxy;
			containerPortal = 8933F0342D1AF0AA0025828A /* Project object */;
			proxyType = 1;
			remoteGlobalIDString = 8933F03B2D1AF0AA0025828A;
			remoteInfo = kolkulyator;
		};
		8933F05D2D1AF0AD0025828A /* PBXContainerItemProxy */ = {
			isa = PBXContainerItemProxy;
			containerPortal = 8933F0342D1AF0AA0025828A /* Project object */;
			proxyType = 1;
			remoteGlobalIDString = 8933F03B2D1AF0AA0025828A;
			remoteInfo = kolkulyator;
		};
/* End PBXContainerItemProxy section */

/* Begin PBXFileReference section */
		8933F03C2D1AF0AA0025828A /* kolkulyator.app */ = {isa = PBXFileReference; explicitFileType = wrapper.application; includeInIndex = 0; path = kolkulyator.app; sourceTree = BUILT_PRODUCTS_DIR; };
		8933F0522D1AF0AD0025828A /* kolkulyatorTests.xctest */ = {isa = PBXFileReference; explicitFileType = wrapper.cfbundle; includeInIndex = 0; path = kolkulyatorTests.xctest; sourceTree = BUILT_PRODUCTS_DIR; };
		8933F05C2D1AF0AD0025828A /* kolkulyatorUITests.xctest */ = {isa = PBXFileReference; explicitFileType = wrapper.cfbundle; includeInIndex = 0; path = kolkulyatorUITests.xctest; sourceTree = BUILT_PRODUCTS_DIR; };
/* End PBXFileReference section */

/* Begin PBXFileSystemSynchronizedBuildFileExceptionSet section */
		8933F0642D1AF0AD0025828A /* Exceptions for "kolkulyator" folder in "kolkulyator" target */ = {
			isa = PBXFileSystemSynchronizedBuildFileExceptionSet;
			membershipExceptions = (
				Info.plist,
			);
			target = 8933F03B2D1AF0AA0025828A /* kolkulyator */;
		};
/* End PBXFileSystemSynchronizedBuildFileExceptionSet section */

/* Begin PBXFileSystemSynchronizedRootGroup section */
		8933F03E2D1AF0AA0025828A /* kolkulyator */ = {
			isa = PBXFileSystemSynchronizedRootGroup;
			exceptions = (
				8933F0642D1AF0AD0025828A /* Exceptions for "kolkulyator" folder in "kolkulyator" target */,
			);
			path = kolkulyator;
			sourceTree = "<group>";
		};
		8933F0552D1AF0AD0025828A /* kolkulyatorTests */ = {
			isa = PBXFileSystemSynchronizedRootGroup;
			path = kolkulyatorTests;
			sourceTree = "<group>";
		};
		8933F05F2D1AF0AD0025828A /* kolkulyatorUITests */ = {
			isa = PBXFileSystemSynchronizedRootGroup;
			path = kolkulyatorUITests;
			sourceTree = "<group>";
		};
/* End PBXFileSystemSynchronizedRootGroup section */

/* Begin PBXFrameworksBuildPhase section */
		8933F0392D1AF0AA0025828A /* Frameworks */ = {
			isa = PBXFrameworksBuildPhase;
			buildActionMask = 2147483647;
			files = (
			);
			runOnlyForDeploymentPostprocessing = 0;
		};
		8933F04F2D1AF0AD0025828A /* Frameworks */ = {
			isa = PBXFrameworksBuildPhase;
			buildActionMask = 2147483647;
			files = (
			);
			runOnlyForDeploymentPostprocessing = 0;
		};
		8933F0592D1AF0AD0025828A /* Frameworks */ = {
			isa = PBXFrameworksBuildPhase;
			buildActionMask = 2147483647;
			files = (
			);
			runOnlyForDeploymentPostprocessing = 0;
		};
/* End PBXFrameworksBuildPhase section */

/* Begin PBXGroup section */
		8933F0332D1AF0AA0025828A = {
			isa = PBXGroup;
			children = (
				8933F03E2D1AF0AA0025828A /* kolkulyator */,
				8933F0552D1AF0AD0025828A /* kolkulyatorTests */,
				8933F05F2D1AF0AD0025828A /* kolkulyatorUITests */,
				8933F03D2D1AF0AA0025828A /* Products */,
			);
			sourceTree = "<group>";
		};
		8933F03D2D1AF0AA0025828A /* Products */ = {
			isa = PBXGroup;
			children = (
				8933F03C2D1AF0AA0025828A /* kolkulyator.app */,
				8933F0522D1AF0AD0025828A /* kolkulyatorTests.xctest */,
				8933F05C2D1AF0AD0025828A /* kolkulyatorUITests.xctest */,
			);
			name = Products;
			sourceTree = "<group>";
		};
/* End PBXGroup section */

/* Begin PBXNativeTarget section */
		8933F03B2D1AF0AA0025828A /* kolkulyator */ = {
			isa = PBXNativeTarget;
			buildConfigurationList = 8933F0652D1AF0AD0025828A /* Build configuration list for PBXNativeTarget "kolkulyator" */;
			buildPhases = (
				8933F0382D1AF0AA0025828A /* Sources */,
				8933F0392D1AF0AA0025828A /* Frameworks */,
				8933F03A2D1AF0AA0025828A /* Resources */,
			);
			buildRules = (
			);
			dependencies = (
			);
			fileSystemSynchronizedGroups = (
				8933F03E2D1AF0AA0025828A /* kolkulyator */,
			);
			name = kolkulyator;
			packageProductDependencies = (
			);
			productName = kolkulyator;
			productReference = 8933F03C2D1AF0AA0025828A /* kolkulyator.app */;
			productType = "com.apple.product-type.application";
		};
		8933F0512D1AF0AD0025828A /* kolkulyatorTests */ = {
			isa = PBXNativeTarget;
			buildConfigurationList = 8933F06A2D1AF0AD0025828A /* Build configuration list for PBXNativeTarget "kolkulyatorTests" */;
			buildPhases = (
				8933F04E2D1AF0AD0025828A /* Sources */,
				8933F04F2D1AF0AD0025828A /* Frameworks */,
				8933F0502D1AF0AD0025828A /* Resources */,
			);
			buildRules = (
			);
			dependencies = (
				8933F0542D1AF0AD0025828A /* PBXTargetDependency */,
			);
			fileSystemSynchronizedGroups = (
				8933F0552D1AF0AD0025828A /* kolkulyatorTests */,
			);
			name = kolkulyatorTests;
			packageProductDependencies = (
			);
			productName = kolkulyatorTests;
			productReference = 8933F0522D1AF0AD0025828A /* kolkulyatorTests.xctest */;
			productType = "com.apple.product-type.bundle.unit-test";
		};
		8933F05B2D1AF0AD0025828A /* kolkulyatorUITests */ = {
			isa = PBXNativeTarget;
			buildConfigurationList = 8933F06D2D1AF0AD0025828A /* Build configuration list for PBXNativeTarget "kolkulyatorUITests" */;
			buildPhases = (
				8933F0582D1AF0AD0025828A /* Sources */,
				8933F0592D1AF0AD0025828A /* Frameworks */,
				8933F05A2D1AF0AD0025828A /* Resources */,
			);
			buildRules = (
			);
			dependencies = (
				8933F05E2D1AF0AD0025828A /* PBXTargetDependency */,
			);
			fileSystemSynchronizedGroups = (
				8933F05F2D1AF0AD0025828A /* kolkulyatorUITests */,
			);
			name = kolkulyatorUITests;
			packageProductDependencies = (
			);
			productName = kolkulyatorUITests;
			productReference = 8933F05C2D1AF0AD0025828A /* kolkulyatorUITests.xctest */;
			productType = "com.apple.product-type.bundle.ui-testing";
		};
/* End PBXNativeTarget section */

/* Begin PBXProject section */
		8933F0342D1AF0AA0025828A /* Project object */ = {
			isa = PBXProject;
			attributes = {
				BuildIndependentTargetsInParallel = 1;
				LastSwiftUpdateCheck = 1620;
				LastUpgradeCheck = 1620;
				TargetAttributes = {
					8933F03B2D1AF0AA0025828A = {
						CreatedOnToolsVersion = 16.2;
					};
					8933F0512D1AF0AD0025828A = {
						CreatedOnToolsVersion = 16.2;
						TestTargetID = 8933F03B2D1AF0AA0025828A;
					};
					8933F05B2D1AF0AD0025828A = {
						CreatedOnToolsVersion = 16.2;
						TestTargetID = 8933F03B2D1AF0AA0025828A;
					};
				};
			};
			buildConfigurationList = 8933F0372D1AF0AA0025828A /* Build configuration list for PBXProject "kolkulyator" */;
			developmentRegion = en;
			hasScannedForEncodings = 0;
			knownRegions = (
				en,
				Base,
			);
			mainGroup = 8933F0332D1AF0AA0025828A;
			minimizedProjectReferenceProxies = 1;
			preferredProjectObjectVersion = 77;
			productRefGroup = 8933F03D2D1AF0AA0025828A /* Products */;
			projectDirPath = "";
			projectRoot = "";
			targets = (
				8933F03B2D1AF0AA0025828A /* kolkulyator */,
				8933F0512D1AF0AD0025828A /* kolkulyatorTests */,
				8933F05B2D1AF0AD0025828A /* kolkulyatorUITests */,
			);
		};
/* End PBXProject section */

/* Begin PBXResourcesBuildPhase section */
		8933F03A2D1AF0AA0025828A /* Resources */ = {
			isa = PBXResourcesBuildPhase;
			buildActionMask = 2147483647;
			files = (
			);
			runOnlyForDeploymentPostprocessing = 0;
		};
		8933F0502D1AF0AD0025828A /* Resources */ = {
			isa = PBXResourcesBuildPhase;
			buildActionMask = 2147483647;
			files = (
			);
			runOnlyForDeploymentPostprocessing = 0;
		};
		8933F05A2D1AF0AD0025828A /* Resources */ = {
			isa = PBXResourcesBuildPhase;
			buildActionMask = 2147483647;
			files = (
			);
			runOnlyForDeploymentPostprocessing = 0;
		};
/* End PBXResourcesBuildPhase section */

/* Begin PBXSourcesBuildPhase section */
		8933F0382D1AF0AA0025828A /* Sources */ = {
			isa = PBXSourcesBuildPhase;
			buildActionMask = 2147483647;
			files = (
			);
			runOnlyForDeploymentPostprocessing = 0;
		};
		8933F04E2D1AF0AD0025828A /* Sources */ = {
			isa = PBXSourcesBuildPhase;
			buildActionMask = 2147483647;
			files = (
			);
			runOnlyForDeploymentPostprocessing = 0;
		};
		8933F0582D1AF0AD0025828A /* Sources */ = {
			isa = PBXSourcesBuildPhase;
			buildActionMask = 2147483647;
			files = (
			);
			runOnlyForDeploymentPostprocessing = 0;
		};
/* End PBXSourcesBuildPhase section */

/* Begin PBXTargetDependency section */
		8933F0542D1AF0AD0025828A /* PBXTargetDependency */ = {
			isa = PBXTargetDependency;
			target = 8933F03B2D1AF0AA0025828A /* kolkulyator */;
			targetProxy = 8933F0532D1AF0AD0025828A /* PBXContainerItemProxy */;
		};
		8933F05E2D1AF0AD0025828A /* PBXTargetDependency */ = {
			isa = PBXTargetDependency;
			target = 8933F03B2D1AF0AA0025828A /* kolkulyator */;
			targetProxy = 8933F05D2D1AF0AD0025828A /* PBXContainerItemProxy */;
		};
/* End PBXTargetDependency section */

/* Begin XCBuildConfiguration section */
		8933F0662D1AF0AD0025828A /* Debug */ = {
			isa = XCBuildConfiguration;
			buildSettings = {
				ASSETCATALOG_COMPILER_APPICON_NAME = AppIcon;
				ASSETCATALOG_COMPILER_GLOBAL_ACCENT_COLOR_NAME = AccentColor;
				CODE_SIGN_STYLE = Automatic;
				CURRENT_PROJECT_VERSION = 1;
				GENERATE_INFOPLIST_FILE = YES;
				INFOPLIST_FILE = kolkulyator/Info.plist;
				INFOPLIST_KEY_UIApplicationSupportsIndirectInputEvents = YES;
				INFOPLIST_KEY_UILaunchStoryboardName = LaunchScreen;
				INFOPLIST_KEY_UIMainStoryboardFile = Main;
				INFOPLIST_KEY_UISupportedInterfaceOrientations_iPad = "UIInterfaceOrientationPortrait UIInterfaceOrientationPortraitUpsideDown UIInterfaceOrientationLandscapeLeft UIInterfaceOrientationLandscapeRight";
				INFOPLIST_KEY_UISupportedInterfaceOrientations_iPhone = "UIInterfaceOrientationPortrait UIInterfaceOrientationLandscapeLeft UIInterfaceOrientationLandscapeRight";
				LD_RUNPATH_SEARCH_PATHS = (
					"$(inherited)",
					"@executable_path/Frameworks",
				);
				MARKETING_VERSION = 1.0;
				PRODUCT_BUNDLE_IDENTIFIER = kz.sharmukhan.kolkulyator;
				PRODUCT_NAME = "$(TARGET_NAME)";
				SWIFT_EMIT_LOC_STRINGS = YES;
				SWIFT_VERSION = 5.0;
				TARGETED_DEVICE_FAMILY = "1,2";
			};
			name = Debug;
		};
		8933F0672D1AF0AD0025828A /* Release */ = {
			isa = XCBuildConfiguration;
			buildSettings = {
				ASSETCATALOG_COMPILER_APPICON_NAME = AppIcon;
				ASSETCATALOG_COMPILER_GLOBAL_ACCENT_COLOR_NAME = AccentColor;
				CODE_SIGN_STYLE = Automatic;
				CURRENT_PROJECT_VERSION = 1;
				GENERATE_INFOPLIST_FILE = YES;
				INFOPLIST_FILE = kolkulyator/Info.plist;
				INFOPLIST_KEY_UIApplicationSupportsIndirectInputEvents = YES;
				INFOPLIST_KEY_UILaunchStoryboardName = LaunchScreen;
				INFOPLIST_KEY_UIMainStoryboardFile = Main;
				INFOPLIST_KEY_UISupportedInterfaceOrientations_iPad = "UIInterfaceOrientationPortrait UIInterfaceOrientationPortraitUpsideDown UIInterfaceOrientationLandscapeLeft UIInterfaceOrientationLandscapeRight";
				INFOPLIST_KEY_UISupportedInterfaceOrientations_iPhone = "UIInterfaceOrientationPortrait UIInterfaceOrientationLandscapeLeft UIInterfaceOrientationLandscapeRight";
				LD_RUNPATH_SEARCH_PATHS = (
					"$(inherited)",
					"@executable_path/Frameworks",
				);
				MARKETING_VERSION = 1.0;
				PRODUCT_BUNDLE_IDENTIFIER = kz.sharmukhan.kolkulyator;
				PRODUCT_NAME = "$(TARGET_NAME)";
				SWIFT_EMIT_LOC_STRINGS = YES;
				SWIFT_VERSION = 5.0;
				TARGETED_DEVICE_FAMILY = "1,2";
			};
			name = Release;
		};
		8933F0682D1AF0AD0025828A /* Debug */ = {
			isa = XCBuildConfiguration;
			buildSettings = {
				ALWAYS_SEARCH_USER_PATHS = NO;
				ASSETCATALOG_COMPILER_GENERATE_SWIFT_ASSET_SYMBOL_EXTENSIONS = YES;
				CLANG_ANALYZER_NONNULL = YES;
				CLANG_ANALYZER_NUMBER_OBJECT_CONVERSION = YES_AGGRESSIVE;
				CLANG_CXX_LANGUAGE_STANDARD = "gnu++20";
				CLANG_ENABLE_MODULES = YES;
				CLANG_ENABLE_OBJC_ARC = YES;
				CLANG_ENABLE_OBJC_WEAK = YES;
				CLANG_WARN_BLOCK_CAPTURE_AUTORELEASING = YES;
				CLANG_WARN_BOOL_CONVERSION = YES;
				CLANG_WARN_COMMA = YES;
				CLANG_WARN_CONSTANT_CONVERSION = YES;
				CLANG_WARN_DEPRECATED_OBJC_IMPLEMENTATIONS = YES;
				CLANG_WARN_DIRECT_OBJC_ISA_USAGE = YES_ERROR;
				CLANG_WARN_DOCUMENTATION_COMMENTS = YES;
				CLANG_WARN_EMPTY_BODY = YES;
				CLANG_WARN_ENUM_CONVERSION = YES;
				CLANG_WARN_INFINITE_RECURSION = YES;
				CLANG_WARN_INT_CONVERSION = YES;
				CLANG_WARN_NON_LITERAL_NULL_CONVERSION = YES;
				CLANG_WARN_OBJC_IMPLICIT_RETAIN_SELF = YES;
				CLANG_WARN_OBJC_LITERAL_CONVERSION = YES;
				CLANG_WARN_OBJC_ROOT_CLASS = YES_ERROR;
				CLANG_WARN_QUOTED_INCLUDE_IN_FRAMEWORK_HEADER = YES;
				CLANG_WARN_RANGE_LOOP_ANALYSIS = YES;
				CLANG_WARN_STRICT_PROTOTYPES = YES;
				CLANG_WARN_SUSPICIOUS_MOVE = YES;
				CLANG_WARN_UNGUARDED_AVAILABILITY = YES_AGGRESSIVE;
				CLANG_WARN_UNREACHABLE_CODE = YES;
				CLANG_WARN__DUPLICATE_METHOD_MATCH = YES;
				COPY_PHASE_STRIP = NO;
				DEBUG_INFORMATION_FORMAT = dwarf;
				ENABLE_STRICT_OBJC_MSGSEND = YES;
				ENABLE_TESTABILITY = YES;
				ENABLE_USER_SCRIPT_SANDBOXING = YES;
				GCC_C_LANGUAGE_STANDARD = gnu17;
				GCC_DYNAMIC_NO_PIC = NO;
				GCC_NO_COMMON_BLOCKS = YES;
				GCC_OPTIMIZATION_LEVEL = 0;
				GCC_PREPROCESSOR_DEFINITIONS = (
					"DEBUG=1",
					"$(inherited)",
				);
				GCC_WARN_64_TO_32_BIT_CONVERSION = YES;
				GCC_WARN_ABOUT_RETURN_TYPE = YES_ERROR;
				GCC_WARN_UNDECLARED_SELECTOR = YES;
				GCC_WARN_UNINITIALIZED_AUTOS = YES_AGGRESSIVE;
				GCC_WARN_UNUSED_FUNCTION = YES;
				GCC_WARN_UNUSED_VARIABLE = YES;
				IPHONEOS_DEPLOYMENT_TARGET = 18.2;
				LOCALIZATION_PREFERS_STRING_CATALOGS = YES;
				MTL_ENABLE_DEBUG_INFO = INCLUDE_SOURCE;
				MTL_FAST_MATH = YES;
				ONLY_ACTIVE_ARCH = YES;
				SDKROOT = iphoneos;
				SWIFT_ACTIVE_COMPILATION_CONDITIONS = "DEBUG $(inherited)";
				SWIFT_OPTIMIZATION_LEVEL = "-Onone";
			};
			name = Debug;
		};
		8933F0692D1AF0AD0025828A /* Release */ = {
			isa = XCBuildConfiguration;
			buildSettings = {
				ALWAYS_SEARCH_USER_PATHS = NO;
				ASSETCATALOG_COMPILER_GENERATE_SWIFT_ASSET_SYMBOL_EXTENSIONS = YES;
				CLANG_ANALYZER_NONNULL = YES;
				CLANG_ANALYZER_NUMBER_OBJECT_CONVERSION = YES_AGGRESSIVE;
				CLANG_CXX_LANGUAGE_STANDARD = "gnu++20";
				CLANG_ENABLE_MODULES = YES;
				CLANG_ENABLE_OBJC_ARC = YES;
				CLANG_ENABLE_OBJC_WEAK = YES;
				CLANG_WARN_BLOCK_CAPTURE_AUTORELEASING = YES;
				CLANG_WARN_BOOL_CONVERSION = YES;
				CLANG_WARN_COMMA = YES;
				CLANG_WARN_CONSTANT_CONVERSION = YES;
				CLANG_WARN_DEPRECATED_OBJC_IMPLEMENTATIONS = YES;
				CLANG_WARN_DIRECT_OBJC_ISA_USAGE = YES_ERROR;
				CLANG_WARN_DOCUMENTATION_COMMENTS = YES;
				CLANG_WARN_EMPTY_BODY = YES;
				CLANG_WARN_ENUM_CONVERSION = YES;
				CLANG_WARN_INFINITE_RECURSION = YES;
				CLANG_WARN_INT_CONVERSION = YES;
				CLANG_WARN_NON_LITERAL_NULL_CONVERSION = YES;
				CLANG_WARN_OBJC_IMPLICIT_RETAIN_SELF = YES;
				CLANG_WARN_OBJC_LITERAL_CONVERSION = YES;
				CLANG_WARN_OBJC_ROOT_CLASS = YES_ERROR;
				CLANG_WARN_QUOTED_INCLUDE_IN_FRAMEWORK_HEADER = YES;
				CLANG_WARN_RANGE_LOOP_ANALYSIS = YES;
				CLANG_WARN_STRICT_PROTOTYPES = YES;
				CLANG_WARN_SUSPICIOUS_MOVE = YES;
				CLANG_WARN_UNGUARDED_AVAILABILITY = YES_AGGRESSIVE;
				CLANG_WARN_UNREACHABLE_CODE = YES;
				CLANG_WARN__DUPLICATE_METHOD_MATCH = YES;
				COPY_PHASE_STRIP = NO;
				DEBUG_INFORMATION_FORMAT = "dwarf-with-dsym";
				ENABLE_NS_ASSERTIONS = NO;
				ENABLE_STRICT_OBJC_MSGSEND = YES;
				ENABLE_USER_SCRIPT_SANDBOXING = YES;
				GCC_C_LANGUAGE_STANDARD = gnu17;
				GCC_NO_COMMON_BLOCKS = YES;
				GCC_WARN_64_TO_32_BIT_CONVERSION = YES;
				GCC_WARN_ABOUT_RETURN_TYPE = YES_ERROR;
				GCC_WARN_UNDECLARED_SELECTOR = YES;
				GCC_WARN_UNINITIALIZED_AUTOS = YES_AGGRESSIVE;
				GCC_WARN_UNUSED_FUNCTION = YES;
				GCC_WARN_UNUSED_VARIABLE = YES;
				IPHONEOS_DEPLOYMENT_TARGET = 18.2;
				LOCALIZATION_PREFERS_STRING_CATALOGS = YES;
				MTL_ENABLE_DEBUG_INFO = NO;
				MTL_FAST_MATH = YES;
				SDKROOT = iphoneos;
				SWIFT_COMPILATION_MODE = wholemodule;
				VALIDATE_PRODUCT = YES;
			};
			name = Release;
		};
		8933F06B2D1AF0AD0025828A /* Debug */ = {
			isa = XCBuildConfiguration;
			buildSettings = {
				BUNDLE_LOADER = "$(TEST_HOST)";
				CODE_SIGN_STYLE = Automatic;
				CURRENT_PROJECT_VERSION = 1;
				GENERATE_INFOPLIST_FILE = YES;
				IPHONEOS_DEPLOYMENT_TARGET = 18.2;
				MARKETING_VERSION = 1.0;
				PRODUCT_BUNDLE_IDENTIFIER = kz.sharmukhan.kolkulyatorTests;
				PRODUCT_NAME = "$(TARGET_NAME)";
				SWIFT_EMIT_LOC_STRINGS = NO;
				SWIFT_VERSION = 5.0;
				TARGETED_DEVICE_FAMILY = "1,2";
				TEST_HOST = "$(BUILT_PRODUCTS_DIR)/kolkulyator.app/$(BUNDLE_EXECUTABLE_FOLDER_PATH)/kolkulyator";
			};
			name = Debug;
		};
		8933F06C2D1AF0AD0025828A /* Release */ = {
			isa = XCBuildConfiguration;
			buildSettings = {
				BUNDLE_LOADER = "$(TEST_HOST)";
				CODE_SIGN_STYLE = Automatic;
				CURRENT_PROJECT_VERSION = 1;
				GENERATE_INFOPLIST_FILE = YES;
				IPHONEOS_DEPLOYMENT_TARGET = 18.2;
				MARKETING_VERSION = 1.0;
				PRODUCT_BUNDLE_IDENTIFIER = kz.sharmukhan.kolkulyatorTests;
				PRODUCT_NAME = "$(TARGET_NAME)";
				SWIFT_EMIT_LOC_STRINGS = NO;
				SWIFT_VERSION = 5.0;
				TARGETED_DEVICE_FAMILY = "1,2";
				TEST_HOST = "$(BUILT_PRODUCTS_DIR)/kolkulyator.app/$(BUNDLE_EXECUTABLE_FOLDER_PATH)/kolkulyator";
			};
			name = Release;
		};
		8933F06E2D1AF0AD0025828A /* Debug */ = {
			isa = XCBuildConfiguration;
			buildSettings = {
				CODE_SIGN_STYLE = Automatic;
				CURRENT_PROJECT_VERSION = 1;
				GENERATE_INFOPLIST_FILE = YES;
				MARKETING_VERSION = 1.0;
				PRODUCT_BUNDLE_IDENTIFIER = kz.sharmukhan.kolkulyatorUITests;
				PRODUCT_NAME = "$(TARGET_NAME)";
				SWIFT_EMIT_LOC_STRINGS = NO;
				SWIFT_VERSION = 5.0;
				TARGETED_DEVICE_FAMILY = "1,2";
				TEST_TARGET_NAME = kolkulyator;
			};
			name = Debug;
		};
		8933F06F2D1AF0AD0025828A /* Release */ = {
			isa = XCBuildConfiguration;
			buildSettings = {
				CODE_SIGN_STYLE = Automatic;
				CURRENT_PROJECT_VERSION = 1;
				GENERATE_INFOPLIST_FILE = YES;
				MARKETING_VERSION = 1.0;
				PRODUCT_BUNDLE_IDENTIFIER = kz.sharmukhan.kolkulyatorUITests;
				PRODUCT_NAME = "$(TARGET_NAME)";
				SWIFT_EMIT_LOC_STRINGS = NO;
				SWIFT_VERSION = 5.0;
				TARGETED_DEVICE_FAMILY = "1,2";
				TEST_TARGET_NAME = kolkulyator;
			};
			name = Release;
		};
/* End XCBuildConfiguration section */

/* Begin XCConfigurationList section */
		8933F0372D1AF0AA0025828A /* Build configuration list for PBXProject "kolkulyator" */ = {
			isa = XCConfigurationList;
			buildConfigurations = (
				8933F0682D1AF0AD0025828A /* Debug */,
				8933F0692D1AF0AD0025828A /* Release */,
			);
			defaultConfigurationIsVisible = 0;
			defaultConfigurationName = Release;
		};
		8933F0652D1AF0AD0025828A /* Build configuration list for PBXNativeTarget "kolkulyator" */ = {
			isa = XCConfigurationList;
			buildConfigurations = (
				8933F0662D1AF0AD0025828A /* Debug */,
				8933F0672D1AF0AD0025828A /* Release */,
			);
			defaultConfigurationIsVisible = 0;
			defaultConfigurationName = Release;
		};
		8933F06A2D1AF0AD0025828A /* Build configuration list for PBXNativeTarget "kolkulyatorTests" */ = {
			isa = XCConfigurationList;
			buildConfigurations = (
				8933F06B2D1AF0AD0025828A /* Debug */,
				8933F06C2D1AF0AD0025828A /* Release */,
			);
			defaultConfigurationIsVisible = 0;
			defaultConfigurationName = Release;
		};
		8933F06D2D1AF0AD0025828A /* Build configuration list for PBXNativeTarget "kolkulyatorUITests" */ = {
			isa = XCConfigurationList;
			buildConfigurations = (
				8933F06E2D1AF0AD0025828A /* Debug */,
				8933F06F2D1AF0AD0025828A /* Release */,
			);
			defaultConfigurationIsVisible = 0;
			defaultConfigurationName = Release;
		};
/* End XCConfigurationList section */
	};
	rootObject = 8933F0342D1AF0AA0025828A /* Project object */;
}
